
Microsoft Visual Studio Solution File, Format Version 12.00
# Visual Studio Version 17
VisualStudioVersion = 17.5.002.0
MinimumVisualStudioVersion = 10.0.40219.1
Project("{2150E333-8FDC-42A3-9474-1A3956D46DE8}") = "src", "src", "{62D5FC57-78EE-442F-B19C-2A2DD1C59196}"
EndProject
Project("{FAE04EC0-301F-11D3-BF4B-00C04F79EFBC}") = "EventsLogger.Application", "src\EventsLogger.Application\EventsLogger.Application.csproj", "{7DD541C9-0ADA-457A-A827-7FF86B0BDD48}"
EndProject
Project("{FAE04EC0-301F-11D3-BF4B-00C04F79EFBC}") = "EventsLogger.API", "src\EventsLogger.API\EventsLogger.API.csproj", "{0C54A500-6BE0-4B72-837A-9E174BFC0FC4}"
EndProject
Project("{FAE04EC0-301F-11D3-BF4B-00C04F79EFBC}") = "EventsLogger.Core", "src\EventsLogger.Core\EventsLogger.Core.csproj", "{AC295E2B-C6AA-4E78-A2DA-419655DC3CCA}"
EndProject
Project("{FAE04EC0-301F-11D3-BF4B-00C04F79EFBC}") = "EventsLogger.UnitTests", "src\EventsLogger.UnitTests\EventsLogger.UnitTests.csproj", "{021FEA8C-5D0B-41FE-95C7-C0A815D14BDD}"
EndProject
Project("{FAE04EC0-301F-11D3-BF4B-00C04F79EFBC}") = "EventsLogger.Infrastructure", "src\EventsLogger.Infrastructure\EventsLogger.Infrastructure.csproj", "{4BE8E555-9474-415E-8C00-864F6B3A934B}"
EndProject
Global
	GlobalSection(SolutionConfigurationPlatforms) = preSolution
		Debug|Any CPU = Debug|Any CPU
		Release|Any CPU = Release|Any CPU
	EndGlobalSection
	GlobalSection(ProjectConfigurationPlatforms) = postSolution
		{7DD541C9-0ADA-457A-A827-7FF86B0BDD48}.Debug|Any CPU.ActiveCfg = Debug|Any CPU
		{7DD541C9-0ADA-457A-A827-7FF86B0BDD48}.Debug|Any CPU.Build.0 = Debug|Any CPU
		{7DD541C9-0ADA-457A-A827-7FF86B0BDD48}.Release|Any CPU.ActiveCfg = Release|Any CPU
		{7DD541C9-0ADA-457A-A827-7FF86B0BDD48}.Release|Any CPU.Build.0 = Release|Any CPU
		{0C54A500-6BE0-4B72-837A-9E174BFC0FC4}.Debug|Any CPU.ActiveCfg = Debug|Any CPU
		{0C54A500-6BE0-4B72-837A-9E174BFC0FC4}.Debug|Any CPU.Build.0 = Debug|Any CPU
		{0C54A500-6BE0-4B72-837A-9E174BFC0FC4}.Release|Any CPU.ActiveCfg = Release|Any CPU
		{0C54A500-6BE0-4B72-837A-9E174BFC0FC4}.Release|Any CPU.Build.0 = Release|Any CPU
		{AC295E2B-C6AA-4E78-A2DA-419655DC3CCA}.Debug|Any CPU.ActiveCfg = Debug|Any CPU
		{AC295E2B-C6AA-4E78-A2DA-419655DC3CCA}.Debug|Any CPU.Build.0 = Debug|Any CPU
		{AC295E2B-C6AA-4E78-A2DA-419655DC3CCA}.Release|Any CPU.ActiveCfg = Release|Any CPU
		{AC295E2B-C6AA-4E78-A2DA-419655DC3CCA}.Release|Any CPU.Build.0 = Release|Any CPU
		{021FEA8C-5D0B-41FE-95C7-C0A815D14BDD}.Debug|Any CPU.ActiveCfg = Debug|Any CPU
		{021FEA8C-5D0B-41FE-95C7-C0A815D14BDD}.Debug|Any CPU.Build.0 = Debug|Any CPU
		{021FEA8C-5D0B-41FE-95C7-C0A815D14BDD}.Release|Any CPU.ActiveCfg = Release|Any CPU
		{021FEA8C-5D0B-41FE-95C7-C0A815D14BDD}.Release|Any CPU.Build.0 = Release|Any CPU
		{4BE8E555-9474-415E-8C00-864F6B3A934B}.Debug|Any CPU.ActiveCfg = Debug|Any CPU
		{4BE8E555-9474-415E-8C00-864F6B3A934B}.Debug|Any CPU.Build.0 = Debug|Any CPU
		{4BE8E555-9474-415E-8C00-864F6B3A934B}.Release|Any CPU.ActiveCfg = Release|Any CPU
		{4BE8E555-9474-415E-8C00-864F6B3A934B}.Release|Any CPU.Build.0 = Release|Any CPU
	EndGlobalSection
	GlobalSection(SolutionProperties) = preSolution
		HideSolutionNode = FALSE
	EndGlobalSection
	GlobalSection(NestedProjects) = preSolution
		{7DD541C9-0ADA-457A-A827-7FF86B0BDD48} = {62D5FC57-78EE-442F-B19C-2A2DD1C59196}
		{0C54A500-6BE0-4B72-837A-9E174BFC0FC4} = {62D5FC57-78EE-442F-B19C-2A2DD1C59196}
		{AC295E2B-C6AA-4E78-A2DA-419655DC3CCA} = {62D5FC57-78EE-442F-B19C-2A2DD1C59196}
		{021FEA8C-5D0B-41FE-95C7-C0A815D14BDD} = {62D5FC57-78EE-442F-B19C-2A2DD1C59196}
		{4BE8E555-9474-415E-8C00-864F6B3A934B} = {62D5FC57-78EE-442F-B19C-2A2DD1C59196}
	EndGlobalSection
	GlobalSection(ExtensibilityGlobals) = postSolution
		SolutionGuid = {2B265366-D358-418E-A1D0-8D206B2DECE2}
	EndGlobalSection
EndGlobal
